
Microsoft Visual Studio Solution File, Format Version 12.00
# Visual Studio 15
VisualStudioVersion = 15.0.28307.572
MinimumVisualStudioVersion = 10.0.40219.1
Project("{FAE04EC0-301F-11D3-BF4B-00C04F79EFBC}") = "DialogMessage_Factory.Android", "DialogMessage_Factory\DialogMessage_Factory.Android\DialogMessage_Factory.Android.csproj", "{7E1014B5-1F74-4478-9946-416CB5F0BBBE}"
EndProject
Project("{FAE04EC0-301F-11D3-BF4B-00C04F79EFBC}") = "DialogMessage_Factory.iOS", "DialogMessage_Factory\DialogMessage_Factory.iOS\DialogMessage_Factory.iOS.csproj", "{20337AE3-831A-440C-A76F-181855808726}"
EndProject
Project("{FAE04EC0-301F-11D3-BF4B-00C04F79EFBC}") = "DialogMessage_Factory.UWP", "DialogMessage_Factory\DialogMessage_Factory.UWP\DialogMessage_Factory.UWP.csproj", "{21D274F9-52C3-429D-8530-A85994129625}"
EndProject
Project("{FAE04EC0-301F-11D3-BF4B-00C04F79EFBC}") = "DialogMessage_Factory", "DialogMessage_Factory\DialogMessage_Factory\DialogMessage_Factory.csproj", "{2A8CCDF9-870E-4053-AA5D-B0E9BF7F9DE7}"
EndProject
Global
	GlobalSection(SolutionConfigurationPlatforms) = preSolution
		Ad-Hoc|Any CPU = Ad-Hoc|Any CPU
		Ad-Hoc|ARM = Ad-Hoc|ARM
		Ad-Hoc|iPhone = Ad-Hoc|iPhone
		Ad-Hoc|iPhoneSimulator = Ad-Hoc|iPhoneSimulator
		Ad-Hoc|x64 = Ad-Hoc|x64
		Ad-Hoc|x86 = Ad-Hoc|x86
		AppStore|Any CPU = AppStore|Any CPU
		AppStore|ARM = AppStore|ARM
		AppStore|iPhone = AppStore|iPhone
		AppStore|iPhoneSimulator = AppStore|iPhoneSimulator
		AppStore|x64 = AppStore|x64
		AppStore|x86 = AppStore|x86
		Debug|Any CPU = Debug|Any CPU
		Debug|ARM = Debug|ARM
		Debug|iPhone = Debug|iPhone
		Debug|iPhoneSimulator = Debug|iPhoneSimulator
		Debug|x64 = Debug|x64
		Debug|x86 = Debug|x86
		Release|Any CPU = Release|Any CPU
		Release|ARM = Release|ARM
		Release|iPhone = Release|iPhone
		Release|iPhoneSimulator = Release|iPhoneSimulator
		Release|x64 = Release|x64
		Release|x86 = Release|x86
	EndGlobalSection
	GlobalSection(ProjectConfigurationPlatforms) = postSolution
		{7E1014B5-1F74-4478-9946-416CB5F0BBBE}.Ad-Hoc|Any CPU.ActiveCfg = Release|Any CPU
		{7E1014B5-1F74-4478-9946-416CB5F0BBBE}.Ad-Hoc|Any CPU.Build.0 = Release|Any CPU
		{7E1014B5-1F74-4478-9946-416CB5F0BBBE}.Ad-Hoc|Any CPU.Deploy.0 = Release|Any CPU
		{7E1014B5-1F74-4478-9946-416CB5F0BBBE}.Ad-Hoc|ARM.ActiveCfg = Release|Any CPU
		{7E1014B5-1F74-4478-9946-416CB5F0BBBE}.Ad-Hoc|ARM.Build.0 = Release|Any CPU
		{7E1014B5-1F74-4478-9946-416CB5F0BBBE}.Ad-Hoc|ARM.Deploy.0 = Release|Any CPU
		{7E1014B5-1F74-4478-9946-416CB5F0BBBE}.Ad-Hoc|iPhone.ActiveCfg = Release|Any CPU
		{7E1014B5-1F74-4478-9946-416CB5F0BBBE}.Ad-Hoc|iPhone.Build.0 = Release|Any CPU
		{7E1014B5-1F74-4478-9946-416CB5F0BBBE}.Ad-Hoc|iPhone.Deploy.0 = Release|Any CPU
		{7E1014B5-1F74-4478-9946-416CB5F0BBBE}.Ad-Hoc|iPhoneSimulator.ActiveCfg = Release|Any CPU
		{7E1014B5-1F74-4478-9946-416CB5F0BBBE}.Ad-Hoc|iPhoneSimulator.Build.0 = Release|Any CPU
		{7E1014B5-1F74-4478-9946-416CB5F0BBBE}.Ad-Hoc|iPhoneSimulator.Deploy.0 = Release|Any CPU
		{7E1014B5-1F74-4478-9946-416CB5F0BBBE}.Ad-Hoc|x64.ActiveCfg = Release|Any CPU
		{7E1014B5-1F74-4478-9946-416CB5F0BBBE}.Ad-Hoc|x64.Build.0 = Release|Any CPU
		{7E1014B5-1F74-4478-9946-416CB5F0BBBE}.Ad-Hoc|x64.Deploy.0 = Release|Any CPU
		{7E1014B5-1F74-4478-9946-416CB5F0BBBE}.Ad-Hoc|x86.ActiveCfg = Release|Any CPU
		{7E1014B5-1F74-4478-9946-416CB5F0BBBE}.Ad-Hoc|x86.Build.0 = Release|Any CPU
		{7E1014B5-1F74-4478-9946-416CB5F0BBBE}.Ad-Hoc|x86.Deploy.0 = Release|Any CPU
		{7E1014B5-1F74-4478-9946-416CB5F0BBBE}.AppStore|Any CPU.ActiveCfg = Release|Any CPU
		{7E1014B5-1F74-4478-9946-416CB5F0BBBE}.AppStore|Any CPU.Build.0 = Release|Any CPU
		{7E1014B5-1F74-4478-9946-416CB5F0BBBE}.AppStore|Any CPU.Deploy.0 = Release|Any CPU
		{7E1014B5-1F74-4478-9946-416CB5F0BBBE}.AppStore|ARM.ActiveCfg = Release|Any CPU
		{7E1014B5-1F74-4478-9946-416CB5F0BBBE}.AppStore|ARM.Build.0 = Release|Any CPU
		{7E1014B5-1F74-4478-9946-416CB5F0BBBE}.AppStore|ARM.Deploy.0 = Release|Any CPU
		{7E1014B5-1F74-4478-9946-416CB5F0BBBE}.AppStore|iPhone.ActiveCfg = Release|Any CPU
		{7E1014B5-1F74-4478-9946-416CB5F0BBBE}.AppStore|iPhone.Build.0 = Release|Any CPU
		{7E1014B5-1F74-4478-9946-416CB5F0BBBE}.AppStore|iPhone.Deploy.0 = Release|Any CPU
		{7E1014B5-1F74-4478-9946-416CB5F0BBBE}.AppStore|iPhoneSimulator.ActiveCfg = Release|Any CPU
		{7E1014B5-1F74-4478-9946-416CB5F0BBBE}.AppStore|iPhoneSimulator.Build.0 = Release|Any CPU
		{7E1014B5-1F74-4478-9946-416CB5F0BBBE}.AppStore|iPhoneSimulator.Deploy.0 = Release|Any CPU
		{7E1014B5-1F74-4478-9946-416CB5F0BBBE}.AppStore|x64.ActiveCfg = Release|Any CPU
		{7E1014B5-1F74-4478-9946-416CB5F0BBBE}.AppStore|x64.Build.0 = Release|Any CPU
		{7E1014B5-1F74-4478-9946-416CB5F0BBBE}.AppStore|x64.Deploy.0 = Release|Any CPU
		{7E1014B5-1F74-4478-9946-416CB5F0BBBE}.AppStore|x86.ActiveCfg = Release|Any CPU
		{7E1014B5-1F74-4478-9946-416CB5F0BBBE}.AppStore|x86.Build.0 = Release|Any CPU
		{7E1014B5-1F74-4478-9946-416CB5F0BBBE}.AppStore|x86.Deploy.0 = Release|Any CPU
		{7E1014B5-1F74-4478-9946-416CB5F0BBBE}.Debug|Any CPU.ActiveCfg = Debug|Any CPU
		{7E1014B5-1F74-4478-9946-416CB5F0BBBE}.Debug|Any CPU.Build.0 = Debug|Any CPU
		{7E1014B5-1F74-4478-9946-416CB5F0BBBE}.Debug|Any CPU.Deploy.0 = Debug|Any CPU
		{7E1014B5-1F74-4478-9946-416CB5F0BBBE}.Debug|ARM.ActiveCfg = Debug|Any CPU
		{7E1014B5-1F74-4478-9946-416CB5F0BBBE}.Debug|ARM.Build.0 = Debug|Any CPU
		{7E1014B5-1F74-4478-9946-416CB5F0BBBE}.Debug|ARM.Deploy.0 = Debug|Any CPU
		{7E1014B5-1F74-4478-9946-416CB5F0BBBE}.Debug|iPhone.ActiveCfg = Debug|Any CPU
		{7E1014B5-1F74-4478-9946-416CB5F0BBBE}.Debug|iPhone.Build.0 = Debug|Any CPU
		{7E1014B5-1F74-4478-9946-416CB5F0BBBE}.Debug|iPhone.Deploy.0 = Debug|Any CPU
		{7E1014B5-1F74-4478-9946-416CB5F0BBBE}.Debug|iPhoneSimulator.ActiveCfg = Debug|Any CPU
		{7E1014B5-1F74-4478-9946-416CB5F0BBBE}.Debug|iPhoneSimulator.Build.0 = Debug|Any CPU
		{7E1014B5-1F74-4478-9946-416CB5F0BBBE}.Debug|iPhoneSimulator.Deploy.0 = Debug|Any CPU
		{7E1014B5-1F74-4478-9946-416CB5F0BBBE}.Debug|x64.ActiveCfg = Debug|Any CPU
		{7E1014B5-1F74-4478-9946-416CB5F0BBBE}.Debug|x64.Build.0 = Debug|Any CPU
		{7E1014B5-1F74-4478-9946-416CB5F0BBBE}.Debug|x64.Deploy.0 = Debug|Any CPU
		{7E1014B5-1F74-4478-9946-416CB5F0BBBE}.Debug|x86.ActiveCfg = Debug|Any CPU
		{7E1014B5-1F74-4478-9946-416CB5F0BBBE}.Debug|x86.Build.0 = Debug|Any CPU
		{7E1014B5-1F74-4478-9946-416CB5F0BBBE}.Debug|x86.Deploy.0 = Debug|Any CPU
		{7E1014B5-1F74-4478-9946-416CB5F0BBBE}.Release|Any CPU.ActiveCfg = Release|Any CPU
		{7E1014B5-1F74-4478-9946-416CB5F0BBBE}.Release|Any CPU.Build.0 = Release|Any CPU
		{7E1014B5-1F74-4478-9946-416CB5F0BBBE}.Release|Any CPU.Deploy.0 = Release|Any CPU
		{7E1014B5-1F74-4478-9946-416CB5F0BBBE}.Release|ARM.ActiveCfg = Release|Any CPU
		{7E1014B5-1F74-4478-9946-416CB5F0BBBE}.Release|ARM.Build.0 = Release|Any CPU
		{7E1014B5-1F74-4478-9946-416CB5F0BBBE}.Release|ARM.Deploy.0 = Release|Any CPU
		{7E1014B5-1F74-4478-9946-416CB5F0BBBE}.Release|iPhone.ActiveCfg = Release|Any CPU
		{7E1014B5-1F74-4478-9946-416CB5F0BBBE}.Release|iPhone.Build.0 = Release|Any CPU
		{7E1014B5-1F74-4478-9946-416CB5F0BBBE}.Release|iPhone.Deploy.0 = Release|Any CPU
		{7E1014B5-1F74-4478-9946-416CB5F0BBBE}.Release|iPhoneSimulator.ActiveCfg = Release|Any CPU
		{7E1014B5-1F74-4478-9946-416CB5F0BBBE}.Release|iPhoneSimulator.Build.0 = Release|Any CPU
		{7E1014B5-1F74-4478-9946-416CB5F0BBBE}.Release|iPhoneSimulator.Deploy.0 = Release|Any CPU
		{7E1014B5-1F74-4478-9946-416CB5F0BBBE}.Release|x64.ActiveCfg = Release|Any CPU
		{7E1014B5-1F74-4478-9946-416CB5F0BBBE}.Release|x64.Build.0 = Release|Any CPU
		{7E1014B5-1F74-4478-9946-416CB5F0BBBE}.Release|x64.Deploy.0 = Release|Any CPU
		{7E1014B5-1F74-4478-9946-416CB5F0BBBE}.Release|x86.ActiveCfg = Release|Any CPU
		{7E1014B5-1F74-4478-9946-416CB5F0BBBE}.Release|x86.Build.0 = Release|Any CPU
		{7E1014B5-1F74-4478-9946-416CB5F0BBBE}.Release|x86.Deploy.0 = Release|Any CPU
		{20337AE3-831A-440C-A76F-181855808726}.Ad-Hoc|Any CPU.ActiveCfg = Ad-Hoc|iPhone
		{20337AE3-831A-440C-A76F-181855808726}.Ad-Hoc|Any CPU.Build.0 = Ad-Hoc|iPhone
		{20337AE3-831A-440C-A76F-181855808726}.Ad-Hoc|Any CPU.Deploy.0 = Ad-Hoc|iPhone
		{20337AE3-831A-440C-A76F-181855808726}.Ad-Hoc|ARM.ActiveCfg = Ad-Hoc|iPhone
		{20337AE3-831A-440C-A76F-181855808726}.Ad-Hoc|ARM.Build.0 = Ad-Hoc|iPhone
		{20337AE3-831A-440C-A76F-181855808726}.Ad-Hoc|ARM.Deploy.0 = Ad-Hoc|iPhone
		{20337AE3-831A-440C-A76F-181855808726}.Ad-Hoc|iPhone.ActiveCfg = Ad-Hoc|iPhone
		{20337AE3-831A-440C-A76F-181855808726}.Ad-Hoc|iPhone.Build.0 = Ad-Hoc|iPhone
		{20337AE3-831A-440C-A76F-181855808726}.Ad-Hoc|iPhone.Deploy.0 = Ad-Hoc|iPhone
		{20337AE3-831A-440C-A76F-181855808726}.Ad-Hoc|iPhoneSimulator.ActiveCfg = Ad-Hoc|iPhoneSimulator
		{20337AE3-831A-440C-A76F-181855808726}.Ad-Hoc|iPhoneSimulator.Build.0 = Ad-Hoc|iPhoneSimulator
		{20337AE3-831A-440C-A76F-181855808726}.Ad-Hoc|iPhoneSimulator.Deploy.0 = Ad-Hoc|iPhoneSimulator
		{20337AE3-831A-440C-A76F-181855808726}.Ad-Hoc|x64.ActiveCfg = Ad-Hoc|iPhone
		{20337AE3-831A-440C-A76F-181855808726}.Ad-Hoc|x64.Build.0 = Ad-Hoc|iPhone
		{20337AE3-831A-440C-A76F-181855808726}.Ad-Hoc|x64.Deploy.0 = Ad-Hoc|iPhone
		{20337AE3-831A-440C-A76F-181855808726}.Ad-Hoc|x86.ActiveCfg = Ad-Hoc|iPhone
		{20337AE3-831A-440C-A76F-181855808726}.Ad-Hoc|x86.Build.0 = Ad-Hoc|iPhone
		{20337AE3-831A-440C-A76F-181855808726}.Ad-Hoc|x86.Deploy.0 = Ad-Hoc|iPhone
		{20337AE3-831A-440C-A76F-181855808726}.AppStore|Any CPU.ActiveCfg = AppStore|iPhone
		{20337AE3-831A-440C-A76F-181855808726}.AppStore|Any CPU.Build.0 = AppStore|iPhone
		{20337AE3-831A-440C-A76F-181855808726}.AppStore|Any CPU.Deploy.0 = AppStore|iPhone
		{20337AE3-831A-440C-A76F-181855808726}.AppStore|ARM.ActiveCfg = AppStore|iPhone
		{20337AE3-831A-440C-A76F-181855808726}.AppStore|ARM.Build.0 = AppStore|iPhone
		{20337AE3-831A-440C-A76F-181855808726}.AppStore|ARM.Deploy.0 = AppStore|iPhone
		{20337AE3-831A-440C-A76F-181855808726}.AppStore|iPhone.ActiveCfg = AppStore|iPhone
		{20337AE3-831A-440C-A76F-181855808726}.AppStore|iPhone.Build.0 = AppStore|iPhone
		{20337AE3-831A-440C-A76F-181855808726}.AppStore|iPhone.Deploy.0 = AppStore|iPhone
		{20337AE3-831A-440C-A76F-181855808726}.AppStore|iPhoneSimulator.ActiveCfg = AppStore|iPhoneSimulator
		{20337AE3-831A-440C-A76F-181855808726}.AppStore|iPhoneSimulator.Build.0 = AppStore|iPhoneSimulator
		{20337AE3-831A-440C-A76F-181855808726}.AppStore|iPhoneSimulator.Deploy.0 = AppStore|iPhoneSimulator
		{20337AE3-831A-440C-A76F-181855808726}.AppStore|x64.ActiveCfg = AppStore|iPhone
		{20337AE3-831A-440C-A76F-181855808726}.AppStore|x64.Build.0 = AppStore|iPhone
		{20337AE3-831A-440C-A76F-181855808726}.AppStore|x64.Deploy.0 = AppStore|iPhone
		{20337AE3-831A-440C-A76F-181855808726}.AppStore|x86.ActiveCfg = AppStore|iPhone
		{20337AE3-831A-440C-A76F-181855808726}.AppStore|x86.Build.0 = AppStore|iPhone
		{20337AE3-831A-440C-A76F-181855808726}.AppStore|x86.Deploy.0 = AppStore|iPhone
		{20337AE3-831A-440C-A76F-181855808726}.Debug|Any CPU.ActiveCfg = Debug|iPhoneSimulator
		{20337AE3-831A-440C-A76F-181855808726}.Debug|Any CPU.Build.0 = Debug|iPhoneSimulator
		{20337AE3-831A-440C-A76F-181855808726}.Debug|Any CPU.Deploy.0 = Debug|iPhoneSimulator
		{20337AE3-831A-440C-A76F-181855808726}.Debug|ARM.ActiveCfg = Debug|iPhone
		{20337AE3-831A-440C-A76F-181855808726}.Debug|ARM.Build.0 = Debug|iPhone
		{20337AE3-831A-440C-A76F-181855808726}.Debug|ARM.Deploy.0 = Debug|iPhone
		{20337AE3-831A-440C-A76F-181855808726}.Debug|iPhone.ActiveCfg = Debug|iPhone
		{20337AE3-831A-440C-A76F-181855808726}.Debug|iPhone.Build.0 = Debug|iPhone
		{20337AE3-831A-440C-A76F-181855808726}.Debug|iPhone.Deploy.0 = Debug|iPhone
		{20337AE3-831A-440C-A76F-181855808726}.Debug|iPhoneSimulator.ActiveCfg = Debug|iPhoneSimulator
		{20337AE3-831A-440C-A76F-181855808726}.Debug|iPhoneSimulator.Build.0 = Debug|iPhoneSimulator
		{20337AE3-831A-440C-A76F-181855808726}.Debug|iPhoneSimulator.Deploy.0 = Debug|iPhoneSimulator
		{20337AE3-831A-440C-A76F-181855808726}.Debug|x64.ActiveCfg = Debug|iPhone
		{20337AE3-831A-440C-A76F-181855808726}.Debug|x64.Build.0 = Debug|iPhone
		{20337AE3-831A-440C-A76F-181855808726}.Debug|x64.Deploy.0 = Debug|iPhone
		{20337AE3-831A-440C-A76F-181855808726}.Debug|x86.ActiveCfg = Debug|iPhone
		{20337AE3-831A-440C-A76F-181855808726}.Debug|x86.Build.0 = Debug|iPhone
		{20337AE3-831A-440C-A76F-181855808726}.Debug|x86.Deploy.0 = Debug|iPhone
		{20337AE3-831A-440C-A76F-181855808726}.Release|Any CPU.ActiveCfg = Release|iPhone
		{20337AE3-831A-440C-A76F-181855808726}.Release|Any CPU.Build.0 = Release|iPhone
		{20337AE3-831A-440C-A76F-181855808726}.Release|Any CPU.Deploy.0 = Release|iPhone
		{20337AE3-831A-440C-A76F-181855808726}.Release|ARM.ActiveCfg = Release|iPhone
		{20337AE3-831A-440C-A76F-181855808726}.Release|ARM.Build.0 = Release|iPhone
		{20337AE3-831A-440C-A76F-181855808726}.Release|ARM.Deploy.0 = Release|iPhone
		{20337AE3-831A-440C-A76F-181855808726}.Release|iPhone.ActiveCfg = Release|iPhone
		{20337AE3-831A-440C-A76F-181855808726}.Release|iPhone.Build.0 = Release|iPhone
		{20337AE3-831A-440C-A76F-181855808726}.Release|iPhone.Deploy.0 = Release|iPhone
		{20337AE3-831A-440C-A76F-181855808726}.Release|iPhoneSimulator.ActiveCfg = Release|iPhoneSimulator
		{20337AE3-831A-440C-A76F-181855808726}.Release|iPhoneSimulator.Build.0 = Release|iPhoneSimulator
		{20337AE3-831A-440C-A76F-181855808726}.Release|iPhoneSimulator.Deploy.0 = Release|iPhoneSimulator
		{20337AE3-831A-440C-A76F-181855808726}.Release|x64.ActiveCfg = Release|iPhone
		{20337AE3-831A-440C-A76F-181855808726}.Release|x64.Build.0 = Release|iPhone
		{20337AE3-831A-440C-A76F-181855808726}.Release|x64.Deploy.0 = Release|iPhone
		{20337AE3-831A-440C-A76F-181855808726}.Release|x86.ActiveCfg = Release|iPhone
		{20337AE3-831A-440C-A76F-181855808726}.Release|x86.Build.0 = Release|iPhone
		{20337AE3-831A-440C-A76F-181855808726}.Release|x86.Deploy.0 = Release|iPhone
		{21D274F9-52C3-429D-8530-A85994129625}.Ad-Hoc|Any CPU.ActiveCfg = Release|x86
		{21D274F9-52C3-429D-8530-A85994129625}.Ad-Hoc|Any CPU.Build.0 = Release|x86
		{21D274F9-52C3-429D-8530-A85994129625}.Ad-Hoc|Any CPU.Deploy.0 = Release|x86
		{21D274F9-52C3-429D-8530-A85994129625}.Ad-Hoc|ARM.ActiveCfg = Release|ARM
		{21D274F9-52C3-429D-8530-A85994129625}.Ad-Hoc|ARM.Build.0 = Release|ARM
		{21D274F9-52C3-429D-8530-A85994129625}.Ad-Hoc|ARM.Deploy.0 = Release|ARM
		{21D274F9-52C3-429D-8530-A85994129625}.Ad-Hoc|iPhone.ActiveCfg = Release|x86
		{21D274F9-52C3-429D-8530-A85994129625}.Ad-Hoc|iPhone.Build.0 = Release|x86
		{21D274F9-52C3-429D-8530-A85994129625}.Ad-Hoc|iPhone.Deploy.0 = Release|x86
		{21D274F9-52C3-429D-8530-A85994129625}.Ad-Hoc|iPhoneSimulator.ActiveCfg = Release|x86
		{21D274F9-52C3-429D-8530-A85994129625}.Ad-Hoc|iPhoneSimulator.Build.0 = Release|x86
		{21D274F9-52C3-429D-8530-A85994129625}.Ad-Hoc|iPhoneSimulator.Deploy.0 = Release|x86
		{21D274F9-52C3-429D-8530-A85994129625}.Ad-Hoc|x64.ActiveCfg = Release|x64
		{21D274F9-52C3-429D-8530-A85994129625}.Ad-Hoc|x64.Build.0 = Release|x64
		{21D274F9-52C3-429D-8530-A85994129625}.Ad-Hoc|x64.Deploy.0 = Release|x64
		{21D274F9-52C3-429D-8530-A85994129625}.Ad-Hoc|x86.ActiveCfg = Release|x86
		{21D274F9-52C3-429D-8530-A85994129625}.Ad-Hoc|x86.Build.0 = Release|x86
		{21D274F9-52C3-429D-8530-A85994129625}.Ad-Hoc|x86.Deploy.0 = Release|x86
		{21D274F9-52C3-429D-8530-A85994129625}.AppStore|Any CPU.ActiveCfg = Release|x86
		{21D274F9-52C3-429D-8530-A85994129625}.AppStore|Any CPU.Build.0 = Release|x86
		{21D274F9-52C3-429D-8530-A85994129625}.AppStore|Any CPU.Deploy.0 = Release|x86
		{21D274F9-52C3-429D-8530-A85994129625}.AppStore|ARM.ActiveCfg = Release|ARM
		{21D274F9-52C3-429D-8530-A85994129625}.AppStore|ARM.Build.0 = Release|ARM
		{21D274F9-52C3-429D-8530-A85994129625}.AppStore|ARM.Deploy.0 = Release|ARM
		{21D274F9-52C3-429D-8530-A85994129625}.AppStore|iPhone.ActiveCfg = Release|x86
		{21D274F9-52C3-429D-8530-A85994129625}.AppStore|iPhone.Build.0 = Release|x86
		{21D274F9-52C3-429D-8530-A85994129625}.AppStore|iPhone.Deploy.0 = Release|x86
		{21D274F9-52C3-429D-8530-A85994129625}.AppStore|iPhoneSimulator.ActiveCfg = Release|x86
		{21D274F9-52C3-429D-8530-A85994129625}.AppStore|iPhoneSimulator.Build.0 = Release|x86
		{21D274F9-52C3-429D-8530-A85994129625}.AppStore|iPhoneSimulator.Deploy.0 = Release|x86
		{21D274F9-52C3-429D-8530-A85994129625}.AppStore|x64.ActiveCfg = Release|x64
		{21D274F9-52C3-429D-8530-A85994129625}.AppStore|x64.Build.0 = Release|x64
		{21D274F9-52C3-429D-8530-A85994129625}.AppStore|x64.Deploy.0 = Release|x64
		{21D274F9-52C3-429D-8530-A85994129625}.AppStore|x86.ActiveCfg = Release|x86
		{21D274F9-52C3-429D-8530-A85994129625}.AppStore|x86.Build.0 = Release|x86
		{21D274F9-52C3-429D-8530-A85994129625}.AppStore|x86.Deploy.0 = Release|x86
		{21D274F9-52C3-429D-8530-A85994129625}.Debug|Any CPU.ActiveCfg = Debug|x86
		{21D274F9-52C3-429D-8530-A85994129625}.Debug|Any CPU.Build.0 = Debug|x86
		{21D274F9-52C3-429D-8530-A85994129625}.Debug|Any CPU.Deploy.0 = Debug|x86
		{21D274F9-52C3-429D-8530-A85994129625}.Debug|ARM.ActiveCfg = Debug|ARM
		{21D274F9-52C3-429D-8530-A85994129625}.Debug|ARM.Build.0 = Debug|ARM
		{21D274F9-52C3-429D-8530-A85994129625}.Debug|ARM.Deploy.0 = Debug|ARM
		{21D274F9-52C3-429D-8530-A85994129625}.Debug|iPhone.ActiveCfg = Debug|x86
		{21D274F9-52C3-429D-8530-A85994129625}.Debug|iPhone.Build.0 = Debug|x86
		{21D274F9-52C3-429D-8530-A85994129625}.Debug|iPhone.Deploy.0 = Debug|x86
		{21D274F9-52C3-429D-8530-A85994129625}.Debug|iPhoneSimulator.ActiveCfg = Debug|x86
		{21D274F9-52C3-429D-8530-A85994129625}.Debug|iPhoneSimulator.Build.0 = Debug|x86
		{21D274F9-52C3-429D-8530-A85994129625}.Debug|iPhoneSimulator.Deploy.0 = Debug|x86
		{21D274F9-52C3-429D-8530-A85994129625}.Debug|x64.ActiveCfg = Debug|x64
		{21D274F9-52C3-429D-8530-A85994129625}.Debug|x64.Build.0 = Debug|x64
		{21D274F9-52C3-429D-8530-A85994129625}.Debug|x64.Deploy.0 = Debug|x64
		{21D274F9-52C3-429D-8530-A85994129625}.Debug|x86.ActiveCfg = Debug|x86
		{21D274F9-52C3-429D-8530-A85994129625}.Debug|x86.Build.0 = Debug|x86
		{21D274F9-52C3-429D-8530-A85994129625}.Debug|x86.Deploy.0 = Debug|x86
		{21D274F9-52C3-429D-8530-A85994129625}.Release|Any CPU.ActiveCfg = Release|x86
		{21D274F9-52C3-429D-8530-A85994129625}.Release|Any CPU.Build.0 = Release|x86
		{21D274F9-52C3-429D-8530-A85994129625}.Release|Any CPU.Deploy.0 = Release|x86
		{21D274F9-52C3-429D-8530-A85994129625}.Release|ARM.ActiveCfg = Release|ARM
		{21D274F9-52C3-429D-8530-A85994129625}.Release|ARM.Build.0 = Release|ARM
		{21D274F9-52C3-429D-8530-A85994129625}.Release|ARM.Deploy.0 = Release|ARM
		{21D274F9-52C3-429D-8530-A85994129625}.Release|iPhone.ActiveCfg = Release|x86
		{21D274F9-52C3-429D-8530-A85994129625}.Release|iPhone.Build.0 = Release|x86
		{21D274F9-52C3-429D-8530-A85994129625}.Release|iPhone.Deploy.0 = Release|x86
		{21D274F9-52C3-429D-8530-A85994129625}.Release|iPhoneSimulator.ActiveCfg = Release|x86
		{21D274F9-52C3-429D-8530-A85994129625}.Release|iPhoneSimulator.Build.0 = Release|x86
		{21D274F9-52C3-429D-8530-A85994129625}.Release|iPhoneSimulator.Deploy.0 = Release|x86
		{21D274F9-52C3-429D-8530-A85994129625}.Release|x64.ActiveCfg = Release|x64
		{21D274F9-52C3-429D-8530-A85994129625}.Release|x64.Build.0 = Release|x64
		{21D274F9-52C3-429D-8530-A85994129625}.Release|x64.Deploy.0 = Release|x64
		{21D274F9-52C3-429D-8530-A85994129625}.Release|x86.ActiveCfg = Release|x86
		{21D274F9-52C3-429D-8530-A85994129625}.Release|x86.Build.0 = Release|x86
		{21D274F9-52C3-429D-8530-A85994129625}.Release|x86.Deploy.0 = Release|x86
		{2A8CCDF9-870E-4053-AA5D-B0E9BF7F9DE7}.Ad-Hoc|Any CPU.ActiveCfg = Debug|Any CPU
		{2A8CCDF9-870E-4053-AA5D-B0E9BF7F9DE7}.Ad-Hoc|Any CPU.Build.0 = Debug|Any CPU
		{2A8CCDF9-870E-4053-AA5D-B0E9BF7F9DE7}.Ad-Hoc|Any CPU.Deploy.0 = Debug|Any CPU
		{2A8CCDF9-870E-4053-AA5D-B0E9BF7F9DE7}.Ad-Hoc|ARM.ActiveCfg = Debug|Any CPU
		{2A8CCDF9-870E-4053-AA5D-B0E9BF7F9DE7}.Ad-Hoc|ARM.Build.0 = Debug|Any CPU
		{2A8CCDF9-870E-4053-AA5D-B0E9BF7F9DE7}.Ad-Hoc|ARM.Deploy.0 = Debug|Any CPU
		{2A8CCDF9-870E-4053-AA5D-B0E9BF7F9DE7}.Ad-Hoc|iPhone.ActiveCfg = Debug|Any CPU
		{2A8CCDF9-870E-4053-AA5D-B0E9BF7F9DE7}.Ad-Hoc|iPhone.Build.0 = Debug|Any CPU
		{2A8CCDF9-870E-4053-AA5D-B0E9BF7F9DE7}.Ad-Hoc|iPhone.Deploy.0 = Debug|Any CPU
		{2A8CCDF9-870E-4053-AA5D-B0E9BF7F9DE7}.Ad-Hoc|iPhoneSimulator.ActiveCfg = Debug|Any CPU
		{2A8CCDF9-870E-4053-AA5D-B0E9BF7F9DE7}.Ad-Hoc|iPhoneSimulator.Build.0 = Debug|Any CPU
		{2A8CCDF9-870E-4053-AA5D-B0E9BF7F9DE7}.Ad-Hoc|iPhoneSimulator.Deploy.0 = Debug|Any CPU
		{2A8CCDF9-870E-4053-AA5D-B0E9BF7F9DE7}.Ad-Hoc|x64.ActiveCfg = Debug|Any CPU
		{2A8CCDF9-870E-4053-AA5D-B0E9BF7F9DE7}.Ad-Hoc|x64.Build.0 = Debug|Any CPU
		{2A8CCDF9-870E-4053-AA5D-B0E9BF7F9DE7}.Ad-Hoc|x64.Deploy.0 = Debug|Any CPU
		{2A8CCDF9-870E-4053-AA5D-B0E9BF7F9DE7}.Ad-Hoc|x86.ActiveCfg = Debug|Any CPU
		{2A8CCDF9-870E-4053-AA5D-B0E9BF7F9DE7}.Ad-Hoc|x86.Build.0 = Debug|Any CPU
		{2A8CCDF9-870E-4053-AA5D-B0E9BF7F9DE7}.Ad-Hoc|x86.Deploy.0 = Debug|Any CPU
		{2A8CCDF9-870E-4053-AA5D-B0E9BF7F9DE7}.AppStore|Any CPU.ActiveCfg = Debug|Any CPU
		{2A8CCDF9-870E-4053-AA5D-B0E9BF7F9DE7}.AppStore|Any CPU.Build.0 = Debug|Any CPU
		{2A8CCDF9-870E-4053-AA5D-B0E9BF7F9DE7}.AppStore|Any CPU.Deploy.0 = Debug|Any CPU
		{2A8CCDF9-870E-4053-AA5D-B0E9BF7F9DE7}.AppStore|ARM.ActiveCfg = Debug|Any CPU
		{2A8CCDF9-870E-4053-AA5D-B0E9BF7F9DE7}.AppStore|ARM.Build.0 = Debug|Any CPU
		{2A8CCDF9-870E-4053-AA5D-B0E9BF7F9DE7}.AppStore|ARM.Deploy.0 = Debug|Any CPU
		{2A8CCDF9-870E-4053-AA5D-B0E9BF7F9DE7}.AppStore|iPhone.ActiveCfg = Debug|Any CPU
		{2A8CCDF9-870E-4053-AA5D-B0E9BF7F9DE7}.AppStore|iPhone.Build.0 = Debug|Any CPU
		{2A8CCDF9-870E-4053-AA5D-B0E9BF7F9DE7}.AppStore|iPhone.Deploy.0 = Debug|Any CPU
		{2A8CCDF9-870E-4053-AA5D-B0E9BF7F9DE7}.AppStore|iPhoneSimulator.ActiveCfg = Debug|Any CPU
		{2A8CCDF9-870E-4053-AA5D-B0E9BF7F9DE7}.AppStore|iPhoneSimulator.Build.0 = Debug|Any CPU
		{2A8CCDF9-870E-4053-AA5D-B0E9BF7F9DE7}.AppStore|iPhoneSimulator.Deploy.0 = Debug|Any CPU
		{2A8CCDF9-870E-4053-AA5D-B0E9BF7F9DE7}.AppStore|x64.ActiveCfg = Debug|Any CPU
		{2A8CCDF9-870E-4053-AA5D-B0E9BF7F9DE7}.AppStore|x64.Build.0 = Debug|Any CPU
		{2A8CCDF9-870E-4053-AA5D-B0E9BF7F9DE7}.AppStore|x64.Deploy.0 = Debug|Any CPU
		{2A8CCDF9-870E-4053-AA5D-B0E9BF7F9DE7}.AppStore|x86.ActiveCfg = Debug|Any CPU
		{2A8CCDF9-870E-4053-AA5D-B0E9BF7F9DE7}.AppStore|x86.Build.0 = Debug|Any CPU
		{2A8CCDF9-870E-4053-AA5D-B0E9BF7F9DE7}.AppStore|x86.Deploy.0 = Debug|Any CPU
		{2A8CCDF9-870E-4053-AA5D-B0E9BF7F9DE7}.Debug|Any CPU.ActiveCfg = Debug|Any CPU
		{2A8CCDF9-870E-4053-AA5D-B0E9BF7F9DE7}.Debug|Any CPU.Build.0 = Debug|Any CPU
		{2A8CCDF9-870E-4053-AA5D-B0E9BF7F9DE7}.Debug|Any CPU.Deploy.0 = Debug|Any CPU
		{2A8CCDF9-870E-4053-AA5D-B0E9BF7F9DE7}.Debug|ARM.ActiveCfg = Debug|Any CPU
		{2A8CCDF9-870E-4053-AA5D-B0E9BF7F9DE7}.Debug|ARM.Build.0 = Debug|Any CPU
		{2A8CCDF9-870E-4053-AA5D-B0E9BF7F9DE7}.Debug|ARM.Deploy.0 = Debug|Any CPU
		{2A8CCDF9-870E-4053-AA5D-B0E9BF7F9DE7}.Debug|iPhone.ActiveCfg = Debug|Any CPU
		{2A8CCDF9-870E-4053-AA5D-B0E9BF7F9DE7}.Debug|iPhone.Build.0 = Debug|Any CPU
		{2A8CCDF9-870E-4053-AA5D-B0E9BF7F9DE7}.Debug|iPhone.Deploy.0 = Debug|Any CPU
		{2A8CCDF9-870E-4053-AA5D-B0E9BF7F9DE7}.Debug|iPhoneSimulator.ActiveCfg = Debug|Any CPU
		{2A8CCDF9-870E-4053-AA5D-B0E9BF7F9DE7}.Debug|iPhoneSimulator.Build.0 = Debug|Any CPU
		{2A8CCDF9-870E-4053-AA5D-B0E9BF7F9DE7}.Debug|iPhoneSimulator.Deploy.0 = Debug|Any CPU
		{2A8CCDF9-870E-4053-AA5D-B0E9BF7F9DE7}.Debug|x64.ActiveCfg = Debug|Any CPU
		{2A8CCDF9-870E-4053-AA5D-B0E9BF7F9DE7}.Debug|x64.Build.0 = Debug|Any CPU
		{2A8CCDF9-870E-4053-AA5D-B0E9BF7F9DE7}.Debug|x64.Deploy.0 = Debug|Any CPU
		{2A8CCDF9-870E-4053-AA5D-B0E9BF7F9DE7}.Debug|x86.ActiveCfg = Debug|Any CPU
		{2A8CCDF9-870E-4053-AA5D-B0E9BF7F9DE7}.Debug|x86.Build.0 = Debug|Any CPU
		{2A8CCDF9-870E-4053-AA5D-B0E9BF7F9DE7}.Debug|x86.Deploy.0 = Debug|Any CPU
		{2A8CCDF9-870E-4053-AA5D-B0E9BF7F9DE7}.Release|Any CPU.ActiveCfg = Release|Any CPU
		{2A8CCDF9-870E-4053-AA5D-B0E9BF7F9DE7}.Release|Any CPU.Build.0 = Release|Any CPU
		{2A8CCDF9-870E-4053-AA5D-B0E9BF7F9DE7}.Release|Any CPU.Deploy.0 = Release|Any CPU
		{2A8CCDF9-870E-4053-AA5D-B0E9BF7F9DE7}.Release|ARM.ActiveCfg = Release|Any CPU
		{2A8CCDF9-870E-4053-AA5D-B0E9BF7F9DE7}.Release|ARM.Build.0 = Release|Any CPU
		{2A8CCDF9-870E-4053-AA5D-B0E9BF7F9DE7}.Release|ARM.Deploy.0 = Release|Any CPU
		{2A8CCDF9-870E-4053-AA5D-B0E9BF7F9DE7}.Release|iPhone.ActiveCfg = Release|Any CPU
		{2A8CCDF9-870E-4053-AA5D-B0E9BF7F9DE7}.Release|iPhone.Build.0 = Release|Any CPU
		{2A8CCDF9-870E-4053-AA5D-B0E9BF7F9DE7}.Release|iPhone.Deploy.0 = Release|Any CPU
		{2A8CCDF9-870E-4053-AA5D-B0E9BF7F9DE7}.Release|iPhoneSimulator.ActiveCfg = Release|Any CPU
		{2A8CCDF9-870E-4053-AA5D-B0E9BF7F9DE7}.Release|iPhoneSimulator.Build.0 = Release|Any CPU
		{2A8CCDF9-870E-4053-AA5D-B0E9BF7F9DE7}.Release|iPhoneSimulator.Deploy.0 = Release|Any CPU
		{2A8CCDF9-870E-4053-AA5D-B0E9BF7F9DE7}.Release|x64.ActiveCfg = Release|Any CPU
		{2A8CCDF9-870E-4053-AA5D-B0E9BF7F9DE7}.Release|x64.Build.0 = Release|Any CPU
		{2A8CCDF9-870E-4053-AA5D-B0E9BF7F9DE7}.Release|x64.Deploy.0 = Release|Any CPU
		{2A8CCDF9-870E-4053-AA5D-B0E9BF7F9DE7}.Release|x86.ActiveCfg = Release|Any CPU
		{2A8CCDF9-870E-4053-AA5D-B0E9BF7F9DE7}.Release|x86.Build.0 = Release|Any CPU
		{2A8CCDF9-870E-4053-AA5D-B0E9BF7F9DE7}.Release|x86.Deploy.0 = Release|Any CPU
	EndGlobalSection
	GlobalSection(SolutionProperties) = preSolution
		HideSolutionNode = FALSE
	EndGlobalSection
	GlobalSection(ExtensibilityGlobals) = postSolution
		SolutionGuid = {C3B3BB23-6529-475B-A1AB-F845072D04B7}
	EndGlobalSection
EndGlobal
